
Microsoft Visual Studio Solution File, Format Version 12.00
# Visual Studio Version 16
VisualStudioVersion = 16.0.31402.337
MinimumVisualStudioVersion = 10.0.40219.1
Project("{9A19103F-16F7-4668-BE54-9A1E7A4F7556}") = "SocialNetwork", "SocialNetwork\SocialNetwork.csproj", "{057F7BA9-48E1-4536-8FDF-80A3FB3274E2}"
EndProject
Project("{FAE04EC0-301F-11D3-BF4B-00C04F79EFBC}") = "SocialNetwork.Tests", "SocialNetwork.Tests\SocialNetwork.Tests.csproj", "{F1C82D79-8C96-418B-8001-0E8026B0E00F}"
EndProject
Global
	GlobalSection(SolutionConfigurationPlatforms) = preSolution
		Debug|Any CPU = Debug|Any CPU
		Release|Any CPU = Release|Any CPU
	EndGlobalSection
	GlobalSection(ProjectConfigurationPlatforms) = postSolution
		{057F7BA9-48E1-4536-8FDF-80A3FB3274E2}.Debug|Any CPU.ActiveCfg = Debug|Any CPU
		{057F7BA9-48E1-4536-8FDF-80A3FB3274E2}.Debug|Any CPU.Build.0 = Debug|Any CPU
		{057F7BA9-48E1-4536-8FDF-80A3FB3274E2}.Release|Any CPU.ActiveCfg = Release|Any CPU
		{057F7BA9-48E1-4536-8FDF-80A3FB3274E2}.Release|Any CPU.Build.0 = Release|Any CPU
		{F1C82D79-8C96-418B-8001-0E8026B0E00F}.Debug|Any CPU.ActiveCfg = Debug|Any CPU
		{F1C82D79-8C96-418B-8001-0E8026B0E00F}.Debug|Any CPU.Build.0 = Debug|Any CPU
		{F1C82D79-8C96-418B-8001-0E8026B0E00F}.Release|Any CPU.ActiveCfg = Release|Any CPU
		{F1C82D79-8C96-418B-8001-0E8026B0E00F}.Release|Any CPU.Build.0 = Release|Any CPU
	EndGlobalSection
	GlobalSection(SolutionProperties) = preSolution
		HideSolutionNode = FALSE
	EndGlobalSection
	GlobalSection(ExtensibilityGlobals) = postSolution
		SolutionGuid = {6E5A6556-EFA8-494C-BD8D-AAD2DE971E43}
	EndGlobalSection
EndGlobal
